
Microsoft Visual Studio Solution File, Format Version 12.00
# Visual Studio 14
VisualStudioVersion = 14.0.24720.0
MinimumVisualStudioVersion = 10.0.40219.1
Project("{8BC9CEB8-8B4A-11D0-8D11-00A0C91BC942}") = "Task1", "Task1\Task1.vcxproj", "{F52C3E8A-D03A-43FB-B789-9B05B28F2003}"
EndProject
Project("{8BC9CEB8-8B4A-11D0-8D11-00A0C91BC942}") = "Task2", "Task2\Task2.vcxproj", "{2FD5BA8F-C684-4BD5-AB16-69C1687111AA}"
EndProject
Project("{8BC9CEB8-8B4A-11D0-8D11-00A0C91BC942}") = "Task3", "Task3\Task3.vcxproj", "{BA8410DF-E816-412B-8282-7579C2B43771}"
EndProject
Project("{8BC9CEB8-8B4A-11D0-8D11-00A0C91BC942}") = "Task4", "Task4\Task4.vcxproj", "{23288C3B-CA9A-4D6A-B250-CEFC82082B48}"
EndProject
Project("{8BC9CEB8-8B4A-11D0-8D11-00A0C91BC942}") = "Task5", "Task5\Task5.vcxproj", "{9E47FAAC-4CE2-4119-965E-1653DC3E4B8A}"
EndProject
Project("{8BC9CEB8-8B4A-11D0-8D11-00A0C91BC942}") = "Task6", "Task6\Task6.vcxproj", "{657C071C-32B0-457E-B63C-99FF20377F75}"
EndProject
Project("{8BC9CEB8-8B4A-11D0-8D11-00A0C91BC942}") = "Task7", "Task7\Task7.vcxproj", "{2BC4EA2A-9F85-4086-8933-E577E2BC196B}"
EndProject
Project("{8BC9CEB8-8B4A-11D0-8D11-00A0C91BC942}") = "Task8", "Task8\Task8.vcxproj", "{D9BAC1B4-F0FC-467B-81AB-C4DB1246D58A}"
EndProject
Project("{8BC9CEB8-8B4A-11D0-8D11-00A0C91BC942}") = "Task9", "Task9\Task9.vcxproj", "{BCF13F19-5859-40F5-A916-7160FC64AECB}"
EndProject
Project("{8BC9CEB8-8B4A-11D0-8D11-00A0C91BC942}") = "Task10", "Task10\Task10.vcxproj", "{8C5969D9-A02F-4805-81C7-34229BB044A4}"
EndProject
Project("{8BC9CEB8-8B4A-11D0-8D11-00A0C91BC942}") = "Task11", "Task11\Task11.vcxproj", "{FF3F5417-538C-49A3-8D1C-FE27AFFC17A4}"
EndProject
Global
	GlobalSection(SolutionConfigurationPlatforms) = preSolution
		Debug|x64 = Debug|x64
		Debug|x86 = Debug|x86
		Release|x64 = Release|x64
		Release|x86 = Release|x86
	EndGlobalSection
	GlobalSection(ProjectConfigurationPlatforms) = postSolution
		{F52C3E8A-D03A-43FB-B789-9B05B28F2003}.Debug|x64.ActiveCfg = Debug|x64
		{F52C3E8A-D03A-43FB-B789-9B05B28F2003}.Debug|x64.Build.0 = Debug|x64
		{F52C3E8A-D03A-43FB-B789-9B05B28F2003}.Debug|x86.ActiveCfg = Debug|Win32
		{F52C3E8A-D03A-43FB-B789-9B05B28F2003}.Debug|x86.Build.0 = Debug|Win32
		{F52C3E8A-D03A-43FB-B789-9B05B28F2003}.Release|x64.ActiveCfg = Release|x64
		{F52C3E8A-D03A-43FB-B789-9B05B28F2003}.Release|x64.Build.0 = Release|x64
		{F52C3E8A-D03A-43FB-B789-9B05B28F2003}.Release|x86.ActiveCfg = Release|Win32
		{F52C3E8A-D03A-43FB-B789-9B05B28F2003}.Release|x86.Build.0 = Release|Win32
		{2FD5BA8F-C684-4BD5-AB16-69C1687111AA}.Debug|x64.ActiveCfg = Debug|x64
		{2FD5BA8F-C684-4BD5-AB16-69C1687111AA}.Debug|x64.Build.0 = Debug|x64
		{2FD5BA8F-C684-4BD5-AB16-69C1687111AA}.Debug|x86.ActiveCfg = Debug|Win32
		{2FD5BA8F-C684-4BD5-AB16-69C1687111AA}.Debug|x86.Build.0 = Debug|Win32
		{2FD5BA8F-C684-4BD5-AB16-69C1687111AA}.Release|x64.ActiveCfg = Release|x64
		{2FD5BA8F-C684-4BD5-AB16-69C1687111AA}.Release|x64.Build.0 = Release|x64
		{2FD5BA8F-C684-4BD5-AB16-69C1687111AA}.Release|x86.ActiveCfg = Release|Win32
		{2FD5BA8F-C684-4BD5-AB16-69C1687111AA}.Release|x86.Build.0 = Release|Win32
		{BA8410DF-E816-412B-8282-7579C2B43771}.Debug|x64.ActiveCfg = Debug|x64
		{BA8410DF-E816-412B-8282-7579C2B43771}.Debug|x64.Build.0 = Debug|x64
		{BA8410DF-E816-412B-8282-7579C2B43771}.Debug|x86.ActiveCfg = Debug|Win32
		{BA8410DF-E816-412B-8282-7579C2B43771}.Debug|x86.Build.0 = Debug|Win32
		{BA8410DF-E816-412B-8282-7579C2B43771}.Release|x64.ActiveCfg = Release|x64
		{BA8410DF-E816-412B-8282-7579C2B43771}.Release|x64.Build.0 = Release|x64
		{BA8410DF-E816-412B-8282-7579C2B43771}.Release|x86.ActiveCfg = Release|Win32
		{BA8410DF-E816-412B-8282-7579C2B43771}.Release|x86.Build.0 = Release|Win32
		{23288C3B-CA9A-4D6A-B250-CEFC82082B48}.Debug|x64.ActiveCfg = Debug|x64
		{23288C3B-CA9A-4D6A-B250-CEFC82082B48}.Debug|x64.Build.0 = Debug|x64
		{23288C3B-CA9A-4D6A-B250-CEFC82082B48}.Debug|x86.ActiveCfg = Debug|Win32
		{23288C3B-CA9A-4D6A-B250-CEFC82082B48}.Debug|x86.Build.0 = Debug|Win32
		{23288C3B-CA9A-4D6A-B250-CEFC82082B48}.Release|x64.ActiveCfg = Release|x64
		{23288C3B-CA9A-4D6A-B250-CEFC82082B48}.Release|x64.Build.0 = Release|x64
		{23288C3B-CA9A-4D6A-B250-CEFC82082B48}.Release|x86.ActiveCfg = Release|Win32
		{23288C3B-CA9A-4D6A-B250-CEFC82082B48}.Release|x86.Build.0 = Release|Win32
		{9E47FAAC-4CE2-4119-965E-1653DC3E4B8A}.Debug|x64.ActiveCfg = Debug|x64
		{9E47FAAC-4CE2-4119-965E-1653DC3E4B8A}.Debug|x64.Build.0 = Debug|x64
		{9E47FAAC-4CE2-4119-965E-1653DC3E4B8A}.Debug|x86.ActiveCfg = Debug|Win32
		{9E47FAAC-4CE2-4119-965E-1653DC3E4B8A}.Debug|x86.Build.0 = Debug|Win32
		{9E47FAAC-4CE2-4119-965E-1653DC3E4B8A}.Release|x64.ActiveCfg = Release|x64
		{9E47FAAC-4CE2-4119-965E-1653DC3E4B8A}.Release|x64.Build.0 = Release|x64
		{9E47FAAC-4CE2-4119-965E-1653DC3E4B8A}.Release|x86.ActiveCfg = Release|Win32
		{9E47FAAC-4CE2-4119-965E-1653DC3E4B8A}.Release|x86.Build.0 = Release|Win32
		{657C071C-32B0-457E-B63C-99FF20377F75}.Debug|x64.ActiveCfg = Debug|x64
		{657C071C-32B0-457E-B63C-99FF20377F75}.Debug|x64.Build.0 = Debug|x64
		{657C071C-32B0-457E-B63C-99FF20377F75}.Debug|x86.ActiveCfg = Debug|Win32
		{657C071C-32B0-457E-B63C-99FF20377F75}.Debug|x86.Build.0 = Debug|Win32
		{657C071C-32B0-457E-B63C-99FF20377F75}.Release|x64.ActiveCfg = Release|x64
		{657C071C-32B0-457E-B63C-99FF20377F75}.Release|x64.Build.0 = Release|x64
		{657C071C-32B0-457E-B63C-99FF20377F75}.Release|x86.ActiveCfg = Release|Win32
		{657C071C-32B0-457E-B63C-99FF20377F75}.Release|x86.Build.0 = Release|Win32
		{2BC4EA2A-9F85-4086-8933-E577E2BC196B}.Debug|x64.ActiveCfg = Debug|x64
		{2BC4EA2A-9F85-4086-8933-E577E2BC196B}.Debug|x64.Build.0 = Debug|x64
		{2BC4EA2A-9F85-4086-8933-E577E2BC196B}.Debug|x86.ActiveCfg = Debug|Win32
		{2BC4EA2A-9F85-4086-8933-E577E2BC196B}.Debug|x86.Build.0 = Debug|Win32
		{2BC4EA2A-9F85-4086-8933-E577E2BC196B}.Release|x64.ActiveCfg = Release|x64
		{2BC4EA2A-9F85-4086-8933-E577E2BC196B}.Release|x64.Build.0 = Release|x64
		{2BC4EA2A-9F85-4086-8933-E577E2BC196B}.Release|x86.ActiveCfg = Release|Win32
		{2BC4EA2A-9F85-4086-8933-E577E2BC196B}.Release|x86.Build.0 = Release|Win32
		{D9BAC1B4-F0FC-467B-81AB-C4DB1246D58A}.Debug|x64.ActiveCfg = Debug|x64
		{D9BAC1B4-F0FC-467B-81AB-C4DB1246D58A}.Debug|x64.Build.0 = Debug|x64
		{D9BAC1B4-F0FC-467B-81AB-C4DB1246D58A}.Debug|x86.ActiveCfg = Debug|Win32
		{D9BAC1B4-F0FC-467B-81AB-C4DB1246D58A}.Debug|x86.Build.0 = Debug|Win32
		{D9BAC1B4-F0FC-467B-81AB-C4DB1246D58A}.Release|x64.ActiveCfg = Release|x64
		{D9BAC1B4-F0FC-467B-81AB-C4DB1246D58A}.Release|x64.Build.0 = Release|x64
		{D9BAC1B4-F0FC-467B-81AB-C4DB1246D58A}.Release|x86.ActiveCfg = Release|Win32
		{D9BAC1B4-F0FC-467B-81AB-C4DB1246D58A}.Release|x86.Build.0 = Release|Win32
		{BCF13F19-5859-40F5-A916-7160FC64AECB}.Debug|x64.ActiveCfg = Debug|x64
		{BCF13F19-5859-40F5-A916-7160FC64AECB}.Debug|x64.Build.0 = Debug|x64
		{BCF13F19-5859-40F5-A916-7160FC64AECB}.Debug|x86.ActiveCfg = Debug|Win32
		{BCF13F19-5859-40F5-A916-7160FC64AECB}.Debug|x86.Build.0 = Debug|Win32
		{BCF13F19-5859-40F5-A916-7160FC64AECB}.Release|x64.ActiveCfg = Release|x64
		{BCF13F19-5859-40F5-A916-7160FC64AECB}.Release|x64.Build.0 = Release|x64
		{BCF13F19-5859-40F5-A916-7160FC64AECB}.Release|x86.ActiveCfg = Release|Win32
		{BCF13F19-5859-40F5-A916-7160FC64AECB}.Release|x86.Build.0 = Release|Win32
		{8C5969D9-A02F-4805-81C7-34229BB044A4}.Debug|x64.ActiveCfg = Debug|x64
		{8C5969D9-A02F-4805-81C7-34229BB044A4}.Debug|x64.Build.0 = Debug|x64
		{8C5969D9-A02F-4805-81C7-34229BB044A4}.Debug|x86.ActiveCfg = Debug|Win32
		{8C5969D9-A02F-4805-81C7-34229BB044A4}.Debug|x86.Build.0 = Debug|Win32
		{8C5969D9-A02F-4805-81C7-34229BB044A4}.Release|x64.ActiveCfg = Release|x64
		{8C5969D9-A02F-4805-81C7-34229BB044A4}.Release|x64.Build.0 = Release|x64
		{8C5969D9-A02F-4805-81C7-34229BB044A4}.Release|x86.ActiveCfg = Release|Win32
		{8C5969D9-A02F-4805-81C7-34229BB044A4}.Release|x86.Build.0 = Release|Win32
		{FF3F5417-538C-49A3-8D1C-FE27AFFC17A4}.Debug|x64.ActiveCfg = Debug|x64
		{FF3F5417-538C-49A3-8D1C-FE27AFFC17A4}.Debug|x64.Build.0 = Debug|x64
		{FF3F5417-538C-49A3-8D1C-FE27AFFC17A4}.Debug|x86.ActiveCfg = Debug|Win32
		{FF3F5417-538C-49A3-8D1C-FE27AFFC17A4}.Debug|x86.Build.0 = Debug|Win32
		{FF3F5417-538C-49A3-8D1C-FE27AFFC17A4}.Release|x64.ActiveCfg = Release|x64
		{FF3F5417-538C-49A3-8D1C-FE27AFFC17A4}.Release|x64.Build.0 = Release|x64
		{FF3F5417-538C-49A3-8D1C-FE27AFFC17A4}.Release|x86.ActiveCfg = Release|Win32
		{FF3F5417-538C-49A3-8D1C-FE27AFFC17A4}.Release|x86.Build.0 = Release|Win32
	EndGlobalSection
	GlobalSection(SolutionProperties) = preSolution
		HideSolutionNode = FALSE
	EndGlobalSection
EndGlobal
